Microsoft Visual Studio Solution File, Format Version 12.00
# Visual Studio Version 17
VisualStudioVersion = 17.5.2.0
MinimumVisualStudioVersion = 10.0.40219.1
Project("{FAE04EC0-301F-11D3-BF4B-00C04F79EFBC}") = "String_interpolation_in_C#", "String_interpolation_in_C#.csproj", "{47321172-B672-9AC6-C630-A0946F4AD22D}"
EndProject
Project("{FAE04EC0-301F-11D3-BF4B-00C04F79EFBC}") = "BIBLIOTECA", "BIBLIOTECA\BIBLIOTECA.csproj", "{3AB1DC82-A9FE-F0AD-2BCF-980D2D370EA7}"
EndProject
Global
	GlobalSection(SolutionConfigurationPlatforms) = preSolution
		Debug|Any CPU = Debug|Any CPU
		Release|Any CPU = Release|Any CPU
	EndGlobalSection
	GlobalSection(ProjectConfigurationPlatforms) = postSolution
		{47321172-B672-9AC6-C630-A0946F4AD22D}.Debug|Any CPU.ActiveCfg = Debug|Any CPU
		{47321172-B672-9AC6-C630-A0946F4AD22D}.Debug|Any CPU.Build.0 = Debug|Any CPU
		{47321172-B672-9AC6-C630-A0946F4AD22D}.Release|Any CPU.ActiveCfg = Release|Any CPU
		{47321172-B672-9AC6-C630-A0946F4AD22D}.Release|Any CPU.Build.0 = Release|Any CPU
		{3AB1DC82-A9FE-F0AD-2BCF-980D2D370EA7}.Debug|Any CPU.ActiveCfg = Debug|Any CPU
		{3AB1DC82-A9FE-F0AD-2BCF-980D2D370EA7}.Debug|Any CPU.Build.0 = Debug|Any CPU
		{3AB1DC82-A9FE-F0AD-2BCF-980D2D370EA7}.Release|Any CPU.ActiveCfg = Release|Any CPU
		{3AB1DC82-A9FE-F0AD-2BCF-980D2D370EA7}.Release|Any CPU.Build.0 = Release|Any CPU
	EndGlobalSection
	GlobalSection(SolutionProperties) = preSolution
		HideSolutionNode = FALSE
	EndGlobalSection
	GlobalSection(ExtensibilityGlobals) = postSolution
		SolutionGuid = {9AB23420-68CC-4383-985F-4802CD518342}
	EndGlobalSection
EndGlobal
